{
  "name": "post-teams-func",
  "version": "1.0.0",
  "lockfileVersion": 2,
  "requires": true,
  "packages": {
    "": {
      "name": "post-teams-func",
      "version": "1.0.0",
      "devDependencies": {
        "@azure/functions": "^3.0.0",
        "@types/node": "16.x",
        "typescript": "^4.0.0"
      }
    },
    "node_modules/@azure/functions": {
      "version": "3.2.0",
      "resolved": "https://registry.npmjs.org/@azure/functions/-/functions-3.2.0.tgz",
      "integrity": "sha512-HbE7iORnYcjLzKNf5mIQRJQDTsVxhoXHRWEZ6KWdGh4e7+F9xTloiBicavbSoVmlAYivenIVpryHanVwsQaHUw==",
      "dev": true
    },
    "node_modules/@types/node": {
      "version": "16.11.64",
      "resolved": "https://registry.npmjs.org/@types/node/-/node-16.11.64.tgz",
      "integrity": "sha512-z5hPTlVFzNwtJ2LNozTpJcD1Cu44c4LNuzaq1mwxmiHWQh2ULdR6Vjwo1UGldzRpzL0yUEdZddnfqGW2G70z6Q==",
      "dev": true
    },
    "node_modules/typescript": {
      "version": "4.8.4",
      "resolved": "https://registry.npmjs.org/typescript/-/typescript-4.8.4.tgz",
      "integrity": "sha512-QCh+85mCy+h0IGff8r5XWzOVSbBO+KfeYrMQh7NJ58QujwcE22u+NUSmUxqF+un70P9GXKxa2HCNiTTMJknyjQ==",
      "dev": true,
      "bin": {
        "tsc": "bin/tsc",
        "tsserver": "bin/tsserver"
      },
      "engines": {
        "node": ">=4.2.0"
      }
    }
  },
  "dependencies": {
    "@azure/functions": {
      "version": "3.2.0",
      "resolved": "https://registry.npmjs.org/@azure/functions/-/functions-3.2.0.tgz",
      "integrity": "sha512-HbE7iORnYcjLzKNf5mIQRJQDTsVxhoXHRWEZ6KWdGh4e7+F9xTloiBicavbSoVmlAYivenIVpryHanVwsQaHUw==",
      "dev": true
    },
    "@types/node": {
      "version": "16.11.64",
      "resolved": "https://registry.npmjs.org/@types/node/-/node-16.11.64.tgz",
      "integrity": "sha512-z5hPTlVFzNwtJ2LNozTpJcD1Cu44c4LNuzaq1mwxmiHWQh2ULdR6Vjwo1UGldzRpzL0yUEdZddnfqGW2G70z6Q==",
      "dev": true
    },
    "typescript": {
      "version": "4.8.4",
      "resolved": "https://registry.npmjs.org/typescript/-/typescript-4.8.4.tgz",
      "integrity": "sha512-QCh+85mCy+h0IGff8r5XWzOVSbBO+KfeYrMQh7NJ58QujwcE22u+NUSmUxqF+un70P9GXKxa2HCNiTTMJknyjQ==",
      "dev": true
    }
  }
}
