
Microsoft Visual Studio Solution File, Format Version 12.00
# Visual Studio Version 17
VisualStudioVersion = 17.5.002.0
MinimumVisualStudioVersion = 10.0.40219.1
Project("{9A19103F-16F7-4668-BE54-9A1E7A4F7556}") = "food-cosmos", "food-cosmos.csproj", "{16C8AE67-2895-4F30-85BE-B28EC2B015BD}"
EndProject
Global
	GlobalSection(SolutionConfigurationPlatforms) = preSolution
		Debug|Any CPU = Debug|Any CPU
		Release|Any CPU = Release|Any CPU
	EndGlobalSection
	GlobalSection(ProjectConfigurationPlatforms) = postSolution
		{16C8AE67-2895-4F30-85BE-B28EC2B015BD}.Debug|Any CPU.ActiveCfg = Debug|Any CPU
		{16C8AE67-2895-4F30-85BE-B28EC2B015BD}.Debug|Any CPU.Build.0 = Debug|Any CPU
		{16C8AE67-2895-4F30-85BE-B28EC2B015BD}.Release|Any CPU.ActiveCfg = Release|Any CPU
		{16C8AE67-2895-4F30-85BE-B28EC2B015BD}.Release|Any CPU.Build.0 = Release|Any CPU
	EndGlobalSection
	GlobalSection(SolutionProperties) = preSolution
		HideSolutionNode = FALSE
	EndGlobalSection
	GlobalSection(ExtensibilityGlobals) = postSolution
		SolutionGuid = {B3179CA1-16C3-4DE8-80AB-88DB259C5979}
	EndGlobalSection
EndGlobal
