
Microsoft Visual Studio Solution File, Format Version 12.00
# Visual Studio Version 17
VisualStudioVersion = 17.5.002.0
MinimumVisualStudioVersion = 10.0.40219.1
Project("{9A19103F-16F7-4668-BE54-9A1E7A4F7556}") = "receive-events-func", "receive-events-func.csproj", "{B0538C41-E814-4FE1-8113-89275BE74B31}"
EndProject
Global
	GlobalSection(SolutionConfigurationPlatforms) = preSolution
		Debug|Any CPU = Debug|Any CPU
		Release|Any CPU = Release|Any CPU
	EndGlobalSection
	GlobalSection(ProjectConfigurationPlatforms) = postSolution
		{B0538C41-E814-4FE1-8113-89275BE74B31}.Debug|Any CPU.ActiveCfg = Debug|Any CPU
		{B0538C41-E814-4FE1-8113-89275BE74B31}.Debug|Any CPU.Build.0 = Debug|Any CPU
		{B0538C41-E814-4FE1-8113-89275BE74B31}.Release|Any CPU.ActiveCfg = Release|Any CPU
		{B0538C41-E814-4FE1-8113-89275BE74B31}.Release|Any CPU.Build.0 = Release|Any CPU
	EndGlobalSection
	GlobalSection(SolutionProperties) = preSolution
		HideSolutionNode = FALSE
	EndGlobalSection
	GlobalSection(ExtensibilityGlobals) = postSolution
		SolutionGuid = {AF3709EF-C6B9-4227-AB5A-0003BC1378CC}
	EndGlobalSection
EndGlobal
