
Microsoft Visual Studio Solution File, Format Version 12.00
# Visual Studio Version 17
VisualStudioVersion = 17.5.002.0
MinimumVisualStudioVersion = 10.0.40219.1
Project("{9A19103F-16F7-4668-BE54-9A1E7A4F7556}") = "orders-api", "orders-api.csproj", "{80EDDA1F-6BF7-48D5-B618-B9402D51955F}"
EndProject
Global
	GlobalSection(SolutionConfigurationPlatforms) = preSolution
		Debug|Any CPU = Debug|Any CPU
		Release|Any CPU = Release|Any CPU
	EndGlobalSection
	GlobalSection(ProjectConfigurationPlatforms) = postSolution
		{80EDDA1F-6BF7-48D5-B618-B9402D51955F}.Debug|Any CPU.ActiveCfg = Debug|Any CPU
		{80EDDA1F-6BF7-48D5-B618-B9402D51955F}.Debug|Any CPU.Build.0 = Debug|Any CPU
		{80EDDA1F-6BF7-48D5-B618-B9402D51955F}.Release|Any CPU.ActiveCfg = Release|Any CPU
		{80EDDA1F-6BF7-48D5-B618-B9402D51955F}.Release|Any CPU.Build.0 = Release|Any CPU
	EndGlobalSection
	GlobalSection(SolutionProperties) = preSolution
		HideSolutionNode = FALSE
	EndGlobalSection
	GlobalSection(ExtensibilityGlobals) = postSolution
		SolutionGuid = {D9EFFE52-28BF-4BD7-A3AB-7665B740199F}
	EndGlobalSection
EndGlobal
