
Microsoft Visual Studio Solution File, Format Version 12.00
# Visual Studio Version 17
VisualStudioVersion = 17.5.002.0
MinimumVisualStudioVersion = 10.0.40219.1
Project("{9A19103F-16F7-4668-BE54-9A1E7A4F7556}") = "catalog-api", "food-catalog-api\catalog-api.csproj", "{7F2CFC98-4DC1-4D2B-A50E-B43932AA3E22}"
EndProject
Project("{9A19103F-16F7-4668-BE54-9A1E7A4F7556}") = "orders-api", "food-orders-api\orders-api.csproj", "{520319D7-0B08-4806-B465-92B9495A9617}"
EndProject
Project("{9A19103F-16F7-4668-BE54-9A1E7A4F7556}") = "foodpic-optimizer", "food-pic-optimizer-api\foodpic-optimizer.csproj", "{7FC17F8C-292A-47CF-977C-484991729A48}"
EndProject
Project("{9A19103F-16F7-4668-BE54-9A1E7A4F7556}") = "mail-daemon", "mail-daemon-api\mail-daemon.csproj", "{E92680A6-5ECA-4BA8-ABEF-5A3407D9BA30}"
EndProject
Global
	GlobalSection(SolutionConfigurationPlatforms) = preSolution
		Debug|Any CPU = Debug|Any CPU
		Release|Any CPU = Release|Any CPU
	EndGlobalSection
	GlobalSection(ProjectConfigurationPlatforms) = postSolution
		{7F2CFC98-4DC1-4D2B-A50E-B43932AA3E22}.Debug|Any CPU.ActiveCfg = Debug|Any CPU
		{7F2CFC98-4DC1-4D2B-A50E-B43932AA3E22}.Debug|Any CPU.Build.0 = Debug|Any CPU
		{7F2CFC98-4DC1-4D2B-A50E-B43932AA3E22}.Release|Any CPU.ActiveCfg = Release|Any CPU
		{7F2CFC98-4DC1-4D2B-A50E-B43932AA3E22}.Release|Any CPU.Build.0 = Release|Any CPU
		{520319D7-0B08-4806-B465-92B9495A9617}.Debug|Any CPU.ActiveCfg = Debug|Any CPU
		{520319D7-0B08-4806-B465-92B9495A9617}.Debug|Any CPU.Build.0 = Debug|Any CPU
		{520319D7-0B08-4806-B465-92B9495A9617}.Release|Any CPU.ActiveCfg = Release|Any CPU
		{520319D7-0B08-4806-B465-92B9495A9617}.Release|Any CPU.Build.0 = Release|Any CPU
		{7FC17F8C-292A-47CF-977C-484991729A48}.Debug|Any CPU.ActiveCfg = Debug|Any CPU
		{7FC17F8C-292A-47CF-977C-484991729A48}.Debug|Any CPU.Build.0 = Debug|Any CPU
		{7FC17F8C-292A-47CF-977C-484991729A48}.Release|Any CPU.ActiveCfg = Release|Any CPU
		{7FC17F8C-292A-47CF-977C-484991729A48}.Release|Any CPU.Build.0 = Release|Any CPU
		{E92680A6-5ECA-4BA8-ABEF-5A3407D9BA30}.Debug|Any CPU.ActiveCfg = Debug|Any CPU
		{E92680A6-5ECA-4BA8-ABEF-5A3407D9BA30}.Debug|Any CPU.Build.0 = Debug|Any CPU
		{E92680A6-5ECA-4BA8-ABEF-5A3407D9BA30}.Release|Any CPU.ActiveCfg = Release|Any CPU
		{E92680A6-5ECA-4BA8-ABEF-5A3407D9BA30}.Release|Any CPU.Build.0 = Release|Any CPU
	EndGlobalSection
	GlobalSection(SolutionProperties) = preSolution
		HideSolutionNode = FALSE
	EndGlobalSection
	GlobalSection(ExtensibilityGlobals) = postSolution
		SolutionGuid = {B77BBB80-D0E4-45DA-8B15-367379B46AB1}
	EndGlobalSection
EndGlobal
