
Microsoft Visual Studio Solution File, Format Version 12.00
# Visual Studio Version 17
VisualStudioVersion = 17.5.002.0
MinimumVisualStudioVersion = 10.0.40219.1
Project("{9A19103F-16F7-4668-BE54-9A1E7A4F7556}") = "catalog-api", "food-catalog-api\catalog-api.csproj", "{C05A53DE-48E7-4841-A7E0-74E6AEE7F8BD}"
EndProject
Project("{9A19103F-16F7-4668-BE54-9A1E7A4F7556}") = "food-payments", "food-invoices\food-payments.csproj", "{891E7E0B-60F0-4190-9EE5-06F4EE86CC4D}"
EndProject
Project("{9A19103F-16F7-4668-BE54-9A1E7A4F7556}") = "orders-api", "food-orders-api\orders-api.csproj", "{6F0EDA4E-773E-4BA0-940D-CBF73A64993C}"
EndProject
Project("{9A19103F-16F7-4668-BE54-9A1E7A4F7556}") = "food-payments-api", "food-payments-api\food-payments-api.csproj", "{4AC0CC7B-DDB0-4528-B1C5-7EE39D969A8A}"
EndProject
Project("{9A19103F-16F7-4668-BE54-9A1E7A4F7556}") = "foodpic-optimizer", "food-pic-optimizer-api\foodpic-optimizer.csproj", "{4D5716CD-52ED-49CE-AE8B-1810A39C09C2}"
EndProject
Project("{9A19103F-16F7-4668-BE54-9A1E7A4F7556}") = "mail-daemon", "mail-daemon-api\mail-daemon.csproj", "{ACBF1851-9847-4053-81C2-9294D3DC30A4}"
EndProject
Global
	GlobalSection(SolutionConfigurationPlatforms) = preSolution
		Debug|Any CPU = Debug|Any CPU
		Release|Any CPU = Release|Any CPU
	EndGlobalSection
	GlobalSection(ProjectConfigurationPlatforms) = postSolution
		{C05A53DE-48E7-4841-A7E0-74E6AEE7F8BD}.Debug|Any CPU.ActiveCfg = Debug|Any CPU
		{C05A53DE-48E7-4841-A7E0-74E6AEE7F8BD}.Debug|Any CPU.Build.0 = Debug|Any CPU
		{C05A53DE-48E7-4841-A7E0-74E6AEE7F8BD}.Release|Any CPU.ActiveCfg = Release|Any CPU
		{C05A53DE-48E7-4841-A7E0-74E6AEE7F8BD}.Release|Any CPU.Build.0 = Release|Any CPU
		{891E7E0B-60F0-4190-9EE5-06F4EE86CC4D}.Debug|Any CPU.ActiveCfg = Debug|Any CPU
		{891E7E0B-60F0-4190-9EE5-06F4EE86CC4D}.Debug|Any CPU.Build.0 = Debug|Any CPU
		{891E7E0B-60F0-4190-9EE5-06F4EE86CC4D}.Release|Any CPU.ActiveCfg = Release|Any CPU
		{891E7E0B-60F0-4190-9EE5-06F4EE86CC4D}.Release|Any CPU.Build.0 = Release|Any CPU
		{6F0EDA4E-773E-4BA0-940D-CBF73A64993C}.Debug|Any CPU.ActiveCfg = Debug|Any CPU
		{6F0EDA4E-773E-4BA0-940D-CBF73A64993C}.Debug|Any CPU.Build.0 = Debug|Any CPU
		{6F0EDA4E-773E-4BA0-940D-CBF73A64993C}.Release|Any CPU.ActiveCfg = Release|Any CPU
		{6F0EDA4E-773E-4BA0-940D-CBF73A64993C}.Release|Any CPU.Build.0 = Release|Any CPU
		{4AC0CC7B-DDB0-4528-B1C5-7EE39D969A8A}.Debug|Any CPU.ActiveCfg = Debug|Any CPU
		{4AC0CC7B-DDB0-4528-B1C5-7EE39D969A8A}.Debug|Any CPU.Build.0 = Debug|Any CPU
		{4AC0CC7B-DDB0-4528-B1C5-7EE39D969A8A}.Release|Any CPU.ActiveCfg = Release|Any CPU
		{4AC0CC7B-DDB0-4528-B1C5-7EE39D969A8A}.Release|Any CPU.Build.0 = Release|Any CPU
		{4D5716CD-52ED-49CE-AE8B-1810A39C09C2}.Debug|Any CPU.ActiveCfg = Debug|Any CPU
		{4D5716CD-52ED-49CE-AE8B-1810A39C09C2}.Debug|Any CPU.Build.0 = Debug|Any CPU
		{4D5716CD-52ED-49CE-AE8B-1810A39C09C2}.Release|Any CPU.ActiveCfg = Release|Any CPU
		{4D5716CD-52ED-49CE-AE8B-1810A39C09C2}.Release|Any CPU.Build.0 = Release|Any CPU
		{ACBF1851-9847-4053-81C2-9294D3DC30A4}.Debug|Any CPU.ActiveCfg = Debug|Any CPU
		{ACBF1851-9847-4053-81C2-9294D3DC30A4}.Debug|Any CPU.Build.0 = Debug|Any CPU
		{ACBF1851-9847-4053-81C2-9294D3DC30A4}.Release|Any CPU.ActiveCfg = Release|Any CPU
		{ACBF1851-9847-4053-81C2-9294D3DC30A4}.Release|Any CPU.Build.0 = Release|Any CPU
	EndGlobalSection
	GlobalSection(SolutionProperties) = preSolution
		HideSolutionNode = FALSE
	EndGlobalSection
	GlobalSection(ExtensibilityGlobals) = postSolution
		SolutionGuid = {FD4EA27F-D90B-445E-9DA5-35C07EC04520}
	EndGlobalSection
EndGlobal
