
Microsoft Visual Studio Solution File, Format Version 12.00
# Visual Studio Version 17
VisualStudioVersion = 17.5.002.0
MinimumVisualStudioVersion = 10.0.40219.1
Project("{9A19103F-16F7-4668-BE54-9A1E7A4F7556}") = "food-payments-api", "food-payments-api.csproj", "{160F47DD-C658-4022-AC13-021D0F7109B3}"
EndProject
Global
	GlobalSection(SolutionConfigurationPlatforms) = preSolution
		Debug|Any CPU = Debug|Any CPU
		Release|Any CPU = Release|Any CPU
	EndGlobalSection
	GlobalSection(ProjectConfigurationPlatforms) = postSolution
		{160F47DD-C658-4022-AC13-021D0F7109B3}.Debug|Any CPU.ActiveCfg = Debug|Any CPU
		{160F47DD-C658-4022-AC13-021D0F7109B3}.Debug|Any CPU.Build.0 = Debug|Any CPU
		{160F47DD-C658-4022-AC13-021D0F7109B3}.Release|Any CPU.ActiveCfg = Release|Any CPU
		{160F47DD-C658-4022-AC13-021D0F7109B3}.Release|Any CPU.Build.0 = Release|Any CPU
	EndGlobalSection
	GlobalSection(SolutionProperties) = preSolution
		HideSolutionNode = FALSE
	EndGlobalSection
	GlobalSection(ExtensibilityGlobals) = postSolution
		SolutionGuid = {E980197E-5F98-4A92-B133-C5FCBB72B269}
	EndGlobalSection
EndGlobal
