
Microsoft Visual Studio Solution File, Format Version 12.00
# Visual Studio Version 17
VisualStudioVersion = 17.5.002.0
MinimumVisualStudioVersion = 10.0.40219.1
Project("{9A19103F-16F7-4668-BE54-9A1E7A4F7556}") = "sk-students-ai", "sk-students-ai.csproj", "{4A36826B-02DC-4075-BCAB-9BCDCAC1B1FC}"
EndProject
Global
	GlobalSection(SolutionConfigurationPlatforms) = preSolution
		Debug|Any CPU = Debug|Any CPU
		Release|Any CPU = Release|Any CPU
	EndGlobalSection
	GlobalSection(ProjectConfigurationPlatforms) = postSolution
		{4A36826B-02DC-4075-BCAB-9BCDCAC1B1FC}.Debug|Any CPU.ActiveCfg = Debug|Any CPU
		{4A36826B-02DC-4075-BCAB-9BCDCAC1B1FC}.Debug|Any CPU.Build.0 = Debug|Any CPU
		{4A36826B-02DC-4075-BCAB-9BCDCAC1B1FC}.Release|Any CPU.ActiveCfg = Release|Any CPU
		{4A36826B-02DC-4075-BCAB-9BCDCAC1B1FC}.Release|Any CPU.Build.0 = Release|Any CPU
	EndGlobalSection
	GlobalSection(SolutionProperties) = preSolution
		HideSolutionNode = FALSE
	EndGlobalSection
	GlobalSection(ExtensibilityGlobals) = postSolution
		SolutionGuid = {1CD8866A-E57E-43A7-925A-88EBEF9E22B6}
	EndGlobalSection
EndGlobal
