
Microsoft Visual Studio Solution File, Format Version 12.00
# Visual Studio Version 17
VisualStudioVersion = 17.5.002.0
MinimumVisualStudioVersion = 10.0.40219.1
Project("{9A19103F-16F7-4668-BE54-9A1E7A4F7556}") = "queue-consumer-func", "queue-consumer-func.csproj", "{C42B48D9-BFB2-4987-BC82-3C8937508511}"
EndProject
Global
	GlobalSection(SolutionConfigurationPlatforms) = preSolution
		Debug|Any CPU = Debug|Any CPU
		Release|Any CPU = Release|Any CPU
	EndGlobalSection
	GlobalSection(ProjectConfigurationPlatforms) = postSolution
		{C42B48D9-BFB2-4987-BC82-3C8937508511}.Debug|Any CPU.ActiveCfg = Debug|Any CPU
		{C42B48D9-BFB2-4987-BC82-3C8937508511}.Debug|Any CPU.Build.0 = Debug|Any CPU
		{C42B48D9-BFB2-4987-BC82-3C8937508511}.Release|Any CPU.ActiveCfg = Release|Any CPU
		{C42B48D9-BFB2-4987-BC82-3C8937508511}.Release|Any CPU.Build.0 = Release|Any CPU
	EndGlobalSection
	GlobalSection(SolutionProperties) = preSolution
		HideSolutionNode = FALSE
	EndGlobalSection
	GlobalSection(ExtensibilityGlobals) = postSolution
		SolutionGuid = {6548EFBA-042E-43CD-B862-F52FF294C0C1}
	EndGlobalSection
EndGlobal
